// !$*UTF8*$!
{
	archiveVersion = 1;
	classes = {
	};
	objectVersion = 56;
	objects = {

/* Begin PBXBuildFile section */
		D23E82672C5D35F2003A186B /* TppServicePlatformApp.swift in Sources */ = {isa = PBXBuildFile; fileRef = D23E82662C5D35F2003A186B /* TppServicePlatformApp.swift */; };
		D23E82692C5D35F2003A186B /* ContentView.swift in Sources */ = {isa = PBXBuildFile; fileRef = D23E82682C5D35F2003A186B /* ContentView.swift */; };
		D23E826B2C5D35F3003A186B /* Assets.xcassets in Resources */ = {isa = PBXBuildFile; fileRef = D23E826A2C5D35F3003A186B /* Assets.xcassets */; };
		D23E826F2C5D35F3003A186B /* Preview Assets.xcassets in Resources */ = {isa = PBXBuildFile; fileRef = D23E826E2C5D35F3003A186B /* Preview Assets.xcassets */; };
		D23E82792C5D35F3003A186B /* TppServicePlatformTests.swift in Sources */ = {isa = PBXBuildFile; fileRef = D23E82782C5D35F3003A186B /* TppServicePlatformTests.swift */; };
		D23E82832C5D35F3003A186B /* TppServicePlatformUITests.swift in Sources */ = {isa = PBXBuildFile; fileRef = D23E82822C5D35F3003A186B /* TppServicePlatformUITests.swift */; };
		D23E82852C5D35F3003A186B /* TppServicePlatformUITestsLaunchTests.swift in Sources */ = {isa = PBXBuildFile; fileRef = D23E82842C5D35F3003A186B /* TppServicePlatformUITestsLaunchTests.swift */; };
/* End PBXBuildFile section */

/* Begin PBXContainerItemProxy section */
		D23E82752C5D35F3003A186B /* PBXContainerItemProxy */ = {
			isa = PBXContainerItemProxy;
			containerPortal = D23E825B2C5D35F2003A186B /* Project object */;
			proxyType = 1;
			remoteGlobalIDString = D23E82622C5D35F2003A186B;
			remoteInfo = TppServicePlatform;
		};
		D23E827F2C5D35F3003A186B /* PBXContainerItemProxy */ = {
			isa = PBXContainerItemProxy;
			containerPortal = D23E825B2C5D35F2003A186B /* Project object */;
			proxyType = 1;
			remoteGlobalIDString = D23E82622C5D35F2003A186B;
			remoteInfo = TppServicePlatform;
		};
/* End PBXContainerItemProxy section */

/* Begin PBXFileReference section */
		D23E82632C5D35F2003A186B /* TppServicePlatform.app */ = {isa = PBXFileReference; explicitFileType = wrapper.application; includeInIndex = 0; path = TppServicePlatform.app; sourceTree = BUILT_PRODUCTS_DIR; };
		D23E82662C5D35F2003A186B /* TppServicePlatformApp.swift */ = {isa = PBXFileReference; lastKnownFileType = sourcecode.swift; path = TppServicePlatformApp.swift; sourceTree = "<group>"; };
		D23E82682C5D35F2003A186B /* ContentView.swift */ = {isa = PBXFileReference; lastKnownFileType = sourcecode.swift; path = ContentView.swift; sourceTree = "<group>"; };
		D23E826A2C5D35F3003A186B /* Assets.xcassets */ = {isa = PBXFileReference; lastKnownFileType = folder.assetcatalog; path = Assets.xcassets; sourceTree = "<group>"; };
		D23E826C2C5D35F3003A186B /* TppServicePlatform.entitlements */ = {isa = PBXFileReference; lastKnownFileType = text.plist.entitlements; path = TppServicePlatform.entitlements; sourceTree = "<group>"; };
		D23E826E2C5D35F3003A186B /* Preview Assets.xcassets */ = {isa = PBXFileReference; lastKnownFileType = folder.assetcatalog; path = "Preview Assets.xcassets"; sourceTree = "<group>"; };
		D23E82742C5D35F3003A186B /* TppServicePlatformTests.xctest */ = {isa = PBXFileReference; explicitFileType = wrapper.cfbundle; includeInIndex = 0; path = TppServicePlatformTests.xctest; sourceTree = BUILT_PRODUCTS_DIR; };
		D23E82782C5D35F3003A186B /* TppServicePlatformTests.swift */ = {isa = PBXFileReference; lastKnownFileType = sourcecode.swift; path = TppServicePlatformTests.swift; sourceTree = "<group>"; };
		D23E827E2C5D35F3003A186B /* TppServicePlatformUITests.xctest */ = {isa = PBXFileReference; explicitFileType = wrapper.cfbundle; includeInIndex = 0; path = TppServicePlatformUITests.xctest; sourceTree = BUILT_PRODUCTS_DIR; };
		D23E82822C5D35F3003A186B /* TppServicePlatformUITests.swift */ = {isa = PBXFileReference; lastKnownFileType = sourcecode.swift; path = TppServicePlatformUITests.swift; sourceTree = "<group>"; };
		D23E82842C5D35F3003A186B /* TppServicePlatformUITestsLaunchTests.swift */ = {isa = PBXFileReference; lastKnownFileType = sourcecode.swift; path = TppServicePlatformUITestsLaunchTests.swift; sourceTree = "<group>"; };
/* End PBXFileReference section */

/* Begin PBXFrameworksBuildPhase section */
		D23E82602C5D35F2003A186B /* Frameworks */ = {
			isa = PBXFrameworksBuildPhase;
			buildActionMask = 2147483647;
			files = (
			);
			runOnlyForDeploymentPostprocessing = 0;
		};
		D23E82712C5D35F3003A186B /* Frameworks */ = {
			isa = PBXFrameworksBuildPhase;
			buildActionMask = 2147483647;
			files = (
			);
			runOnlyForDeploymentPostprocessing = 0;
		};
		D23E827B2C5D35F3003A186B /* Frameworks */ = {
			isa = PBXFrameworksBuildPhase;
			buildActionMask = 2147483647;
			files = (
			);
			runOnlyForDeploymentPostprocessing = 0;
		};
/* End PBXFrameworksBuildPhase section */

/* Begin PBXGroup section */
		D23E825A2C5D35F2003A186B = {
			isa = PBXGroup;
			children = (
				D23E82652C5D35F2003A186B /* TppServicePlatform */,
				D23E82772C5D35F3003A186B /* TppServicePlatformTests */,
				D23E82812C5D35F3003A186B /* TppServicePlatformUITests */,
				D23E82642C5D35F2003A186B /* Products */,
			);
			sourceTree = "<group>";
		};
		D23E82642C5D35F2003A186B /* Products */ = {
			isa = PBXGroup;
			children = (
				D23E82632C5D35F2003A186B /* TppServicePlatform.app */,
				D23E82742C5D35F3003A186B /* TppServicePlatformTests.xctest */,
				D23E827E2C5D35F3003A186B /* TppServicePlatformUITests.xctest */,
			);
			name = Products;
			sourceTree = "<group>";
		};
		D23E82652C5D35F2003A186B /* TppServicePlatform */ = {
			isa = PBXGroup;
			children = (
				D23E82662C5D35F2003A186B /* TppServicePlatformApp.swift */,
				D23E82682C5D35F2003A186B /* ContentView.swift */,
				D23E826A2C5D35F3003A186B /* Assets.xcassets */,
				D23E826C2C5D35F3003A186B /* TppServicePlatform.entitlements */,
				D23E826D2C5D35F3003A186B /* Preview Content */,
			);
			path = TppServicePlatform;
			sourceTree = "<group>";
		};
		D23E826D2C5D35F3003A186B /* Preview Content */ = {
			isa = PBXGroup;
			children = (
				D23E826E2C5D35F3003A186B /* Preview Assets.xcassets */,
			);
			path = "Preview Content";
			sourceTree = "<group>";
		};
		D23E82772C5D35F3003A186B /* TppServicePlatformTests */ = {
			isa = PBXGroup;
			children = (
				D23E82782C5D35F3003A186B /* TppServicePlatformTests.swift */,
			);
			path = TppServicePlatformTests;
			sourceTree = "<group>";
		};
		D23E82812C5D35F3003A186B /* TppServicePlatformUITests */ = {
			isa = PBXGroup;
			children = (
				D23E82822C5D35F3003A186B /* TppServicePlatformUITests.swift */,
				D23E82842C5D35F3003A186B /* TppServicePlatformUITestsLaunchTests.swift */,
			);
			path = TppServicePlatformUITests;
			sourceTree = "<group>";
		};
/* End PBXGroup section */

/* Begin PBXNativeTarget section */
		D23E82622C5D35F2003A186B /* TppServicePlatform */ = {
			isa = PBXNativeTarget;
			buildConfigurationList = D23E82882C5D35F3003A186B /* Build configuration list for PBXNativeTarget "TppServicePlatform" */;
			buildPhases = (
				D23E825F2C5D35F2003A186B /* Sources */,
				D23E82602C5D35F2003A186B /* Frameworks */,
				D23E82612C5D35F2003A186B /* Resources */,
			);
			buildRules = (
			);
			dependencies = (
			);
			name = TppServicePlatform;
			productName = TppServicePlatform;
			productReference = D23E82632C5D35F2003A186B /* TppServicePlatform.app */;
			productType = "com.apple.product-type.application";
		};
		D23E82732C5D35F3003A186B /* TppServicePlatformTests */ = {
			isa = PBXNativeTarget;
			buildConfigurationList = D23E828B2C5D35F3003A186B /* Build configuration list for PBXNativeTarget "TppServicePlatformTests" */;
			buildPhases = (
				D23E82702C5D35F3003A186B /* Sources */,
				D23E82712C5D35F3003A186B /* Frameworks */,
				D23E82722C5D35F3003A186B /* Resources */,
			);
			buildRules = (
			);
			dependencies = (
				D23E82762C5D35F3003A186B /* PBXTargetDependency */,
			);
			name = TppServicePlatformTests;
			productName = TppServicePlatformTests;
			productReference = D23E82742C5D35F3003A186B /* TppServicePlatformTests.xctest */;
			productType = "com.apple.product-type.bundle.unit-test";
		};
		D23E827D2C5D35F3003A186B /* TppServicePlatformUITests */ = {
			isa = PBXNativeTarget;
			buildConfigurationList = D23E828E2C5D35F3003A186B /* Build configuration list for PBXNativeTarget "TppServicePlatformUITests" */;
			buildPhases = (
				D23E827A2C5D35F3003A186B /* Sources */,
				D23E827B2C5D35F3003A186B /* Frameworks */,
				D23E827C2C5D35F3003A186B /* Resources */,
			);
			buildRules = (
			);
			dependencies = (
				D23E82802C5D35F3003A186B /* PBXTargetDependency */,
			);
			name = TppServicePlatformUITests;
			productName = TppServicePlatformUITests;
			productReference = D23E827E2C5D35F3003A186B /* TppServicePlatformUITests.xctest */;
			productType = "com.apple.product-type.bundle.ui-testing";
		};
/* End PBXNativeTarget section */

/* Begin PBXProject section */
		D23E825B2C5D35F2003A186B /* Project object */ = {
			isa = PBXProject;
			attributes = {
				BuildIndependentTargetsInParallel = 1;
				LastSwiftUpdateCheck = 1540;
				LastUpgradeCheck = 1540;
				TargetAttributes = {
					D23E82622C5D35F2003A186B = {
						CreatedOnToolsVersion = 15.4;
					};
					D23E82732C5D35F3003A186B = {
						CreatedOnToolsVersion = 15.4;
						TestTargetID = D23E82622C5D35F2003A186B;
					};
					D23E827D2C5D35F3003A186B = {
						CreatedOnToolsVersion = 15.4;
						TestTargetID = D23E82622C5D35F2003A186B;
					};
				};
			};
			buildConfigurationList = D23E825E2C5D35F2003A186B /* Build configuration list for PBXProject "TppServicePlatform" */;
			compatibilityVersion = "Xcode 14.0";
			developmentRegion = en;
			hasScannedForEncodings = 0;
			knownRegions = (
				en,
				Base,
			);
			mainGroup = D23E825A2C5D35F2003A186B;
			productRefGroup = D23E82642C5D35F2003A186B /* Products */;
			projectDirPath = "";
			projectRoot = "";
			targets = (
				D23E82622C5D35F2003A186B /* TppServicePlatform */,
				D23E82732C5D35F3003A186B /* TppServicePlatformTests */,
				D23E827D2C5D35F3003A186B /* TppServicePlatformUITests */,
			);
		};
/* End PBXProject section */

/* Begin PBXResourcesBuildPhase section */
		D23E82612C5D35F2003A186B /* Resources */ = {
			isa = PBXResourcesBuildPhase;
			buildActionMask = 2147483647;
			files = (
				D23E826F2C5D35F3003A186B /* Preview Assets.xcassets in Resources */,
				D23E826B2C5D35F3003A186B /* Assets.xcassets in Resources */,
			);
			runOnlyForDeploymentPostprocessing = 0;
		};
		D23E82722C5D35F3003A186B /* Resources */ = {
			isa = PBXResourcesBuildPhase;
			buildActionMask = 2147483647;
			files = (
			);
			runOnlyForDeploymentPostprocessing = 0;
		};
		D23E827C2C5D35F3003A186B /* Resources */ = {
			isa = PBXResourcesBuildPhase;
			buildActionMask = 2147483647;
			files = (
			);
			runOnlyForDeploymentPostprocessing = 0;
		};
/* End PBXResourcesBuildPhase section */

/* Begin PBXSourcesBuildPhase section */
		D23E825F2C5D35F2003A186B /* Sources */ = {
			isa = PBXSourcesBuildPhase;
			buildActionMask = 2147483647;
			files = (
				D23E82692C5D35F2003A186B /* ContentView.swift in Sources */,
				D23E82672C5D35F2003A186B /* TppServicePlatformApp.swift in Sources */,
			);
			runOnlyForDeploymentPostprocessing = 0;
		};
		D23E82702C5D35F3003A186B /* Sources */ = {
			isa = PBXSourcesBuildPhase;
			buildActionMask = 2147483647;
			files = (
				D23E82792C5D35F3003A186B /* TppServicePlatformTests.swift in Sources */,
			);
			runOnlyForDeploymentPostprocessing = 0;
		};
		D23E827A2C5D35F3003A186B /* Sources */ = {
			isa = PBXSourcesBuildPhase;
			buildActionMask = 2147483647;
			files = (
				D23E82852C5D35F3003A186B /* TppServicePlatformUITestsLaunchTests.swift in Sources */,
				D23E82832C5D35F3003A186B /* TppServicePlatformUITests.swift in Sources */,
			);
			runOnlyForDeploymentPostprocessing = 0;
		};
/* End PBXSourcesBuildPhase section */

/* Begin PBXTargetDependency section */
		D23E82762C5D35F3003A186B /* PBXTargetDependency */ = {
			isa = PBXTargetDependency;
			target = D23E82622C5D35F2003A186B /* TppServicePlatform */;
			targetProxy = D23E82752C5D35F3003A186B /* PBXContainerItemProxy */;
		};
		D23E82802C5D35F3003A186B /* PBXTargetDependency */ = {
			isa = PBXTargetDependency;
			target = D23E82622C5D35F2003A186B /* TppServicePlatform */;
			targetProxy = D23E827F2C5D35F3003A186B /* PBXContainerItemProxy */;
		};
/* End PBXTargetDependency section */

/* Begin XCBuildConfiguration section */
		D23E82862C5D35F3003A186B /* Debug */ = {
			isa = XCBuildConfiguration;
			buildSettings = {
				ALWAYS_SEARCH_USER_PATHS = NO;
				ASSETCATALOG_COMPILER_GENERATE_SWIFT_ASSET_SYMBOL_EXTENSIONS = YES;
				CLANG_ANALYZER_NONNULL = YES;
				CLANG_ANALYZER_NUMBER_OBJECT_CONVERSION = YES_AGGRESSIVE;
				CLANG_CXX_LANGUAGE_STANDARD = "gnu++20";
				CLANG_ENABLE_MODULES = YES;
				CLANG_ENABLE_OBJC_ARC = YES;
				CLANG_ENABLE_OBJC_WEAK = YES;
				CLANG_WARN_BLOCK_CAPTURE_AUTORELEASING = YES;
				CLANG_WARN_BOOL_CONVERSION = YES;
				CLANG_WARN_COMMA = YES;
				CLANG_WARN_CONSTANT_CONVERSION = YES;
				CLANG_WARN_DEPRECATED_OBJC_IMPLEMENTATIONS = YES;
				CLANG_WARN_DIRECT_OBJC_ISA_USAGE = YES_ERROR;
				CLANG_WARN_DOCUMENTATION_COMMENTS = YES;
				CLANG_WARN_EMPTY_BODY = YES;
				CLANG_WARN_ENUM_CONVERSION = YES;
				CLANG_WARN_INFINITE_RECURSION = YES;
				CLANG_WARN_INT_CONVERSION = YES;
				CLANG_WARN_NON_LITERAL_NULL_CONVERSION = YES;
				CLANG_WARN_OBJC_IMPLICIT_RETAIN_SELF = YES;
				CLANG_WARN_OBJC_LITERAL_CONVERSION = YES;
				CLANG_WARN_OBJC_ROOT_CLASS = YES_ERROR;
				CLANG_WARN_QUOTED_INCLUDE_IN_FRAMEWORK_HEADER = YES;
				CLANG_WARN_RANGE_LOOP_ANALYSIS = YES;
				CLANG_WARN_STRICT_PROTOTYPES = YES;
				CLANG_WARN_SUSPICIOUS_MOVE = YES;
				CLANG_WARN_UNGUARDED_AVAILABILITY = YES_AGGRESSIVE;
				CLANG_WARN_UNREACHABLE_CODE = YES;
				CLANG_WARN__DUPLICATE_METHOD_MATCH = YES;
				COPY_PHASE_STRIP = NO;
				DEBUG_INFORMATION_FORMAT = dwarf;
				ENABLE_STRICT_OBJC_MSGSEND = YES;
				ENABLE_TESTABILITY = YES;
				ENABLE_USER_SCRIPT_SANDBOXING = YES;
				GCC_C_LANGUAGE_STANDARD = gnu17;
				GCC_DYNAMIC_NO_PIC = NO;
				GCC_NO_COMMON_BLOCKS = YES;
				GCC_OPTIMIZATION_LEVEL = 0;
				GCC_PREPROCESSOR_DEFINITIONS = (
					"DEBUG=1",
					"$(inherited)",
				);
				GCC_WARN_64_TO_32_BIT_CONVERSION = YES;
				GCC_WARN_ABOUT_RETURN_TYPE = YES_ERROR;
				GCC_WARN_UNDECLARED_SELECTOR = YES;
				GCC_WARN_UNINITIALIZED_AUTOS = YES_AGGRESSIVE;
				GCC_WARN_UNUSED_FUNCTION = YES;
				GCC_WARN_UNUSED_VARIABLE = YES;
				LOCALIZATION_PREFERS_STRING_CATALOGS = YES;
				MTL_ENABLE_DEBUG_INFO = INCLUDE_SOURCE;
				MTL_FAST_MATH = YES;
				ONLY_ACTIVE_ARCH = YES;
				SWIFT_ACTIVE_COMPILATION_CONDITIONS = "DEBUG $(inherited)";
				SWIFT_OPTIMIZATION_LEVEL = "-Onone";
			};
			name = Debug;
		};
		D23E82872C5D35F3003A186B /* Release */ = {
			isa = XCBuildConfiguration;
			buildSettings = {
				ALWAYS_SEARCH_USER_PATHS = NO;
				ASSETCATALOG_COMPILER_GENERATE_SWIFT_ASSET_SYMBOL_EXTENSIONS = YES;
				CLANG_ANALYZER_NONNULL = YES;
				CLANG_ANALYZER_NUMBER_OBJECT_CONVERSION = YES_AGGRESSIVE;
				CLANG_CXX_LANGUAGE_STANDARD = "gnu++20";
				CLANG_ENABLE_MODULES = YES;
				CLANG_ENABLE_OBJC_ARC = YES;
				CLANG_ENABLE_OBJC_WEAK = YES;
				CLANG_WARN_BLOCK_CAPTURE_AUTORELEASING = YES;
				CLANG_WARN_BOOL_CONVERSION = YES;
				CLANG_WARN_COMMA = YES;
				CLANG_WARN_CONSTANT_CONVERSION = YES;
				CLANG_WARN_DEPRECATED_OBJC_IMPLEMENTATIONS = YES;
				CLANG_WARN_DIRECT_OBJC_ISA_USAGE = YES_ERROR;
				CLANG_WARN_DOCUMENTATION_COMMENTS = YES;
				CLANG_WARN_EMPTY_BODY = YES;
				CLANG_WARN_ENUM_CONVERSION = YES;
				CLANG_WARN_INFINITE_RECURSION = YES;
				CLANG_WARN_INT_CONVERSION = YES;
				CLANG_WARN_NON_LITERAL_NULL_CONVERSION = YES;
				CLANG_WARN_OBJC_IMPLICIT_RETAIN_SELF = YES;
				CLANG_WARN_OBJC_LITERAL_CONVERSION = YES;
				CLANG_WARN_OBJC_ROOT_CLASS = YES_ERROR;
				CLANG_WARN_QUOTED_INCLUDE_IN_FRAMEWORK_HEADER = YES;
				CLANG_WARN_RANGE_LOOP_ANALYSIS = YES;
				CLANG_WARN_STRICT_PROTOTYPES = YES;
				CLANG_WARN_SUSPICIOUS_MOVE = YES;
				CLANG_WARN_UNGUARDED_AVAILABILITY = YES_AGGRESSIVE;
				CLANG_WARN_UNREACHABLE_CODE = YES;
				CLANG_WARN__DUPLICATE_METHOD_MATCH = YES;
				COPY_PHASE_STRIP = NO;
				DEBUG_INFORMATION_FORMAT = "dwarf-with-dsym";
				ENABLE_NS_ASSERTIONS = NO;
				ENABLE_STRICT_OBJC_MSGSEND = YES;
				ENABLE_USER_SCRIPT_SANDBOXING = YES;
				GCC_C_LANGUAGE_STANDARD = gnu17;
				GCC_NO_COMMON_BLOCKS = YES;
				GCC_WARN_64_TO_32_BIT_CONVERSION = YES;
				GCC_WARN_ABOUT_RETURN_TYPE = YES_ERROR;
				GCC_WARN_UNDECLARED_SELECTOR = YES;
				GCC_WARN_UNINITIALIZED_AUTOS = YES_AGGRESSIVE;
				GCC_WARN_UNUSED_FUNCTION = YES;
				GCC_WARN_UNUSED_VARIABLE = YES;
				LOCALIZATION_PREFERS_STRING_CATALOGS = YES;
				MTL_ENABLE_DEBUG_INFO = NO;
				MTL_FAST_MATH = YES;
				SWIFT_COMPILATION_MODE = wholemodule;
			};
			name = Release;
		};
		D23E82892C5D35F3003A186B /* Debug */ = {
			isa = XCBuildConfiguration;
			buildSettings = {
				ASSETCATALOG_COMPILER_APPICON_NAME = AppIcon;
				ASSETCATALOG_COMPILER_GLOBAL_ACCENT_COLOR_NAME = AccentColor;
				CODE_SIGN_ENTITLEMENTS = TppServicePlatform/TppServicePlatform.entitlements;
				CODE_SIGN_STYLE = Automatic;
				CURRENT_PROJECT_VERSION = 1;
				DEVELOPMENT_ASSET_PATHS = "\"TppServicePlatform/Preview Content\"";
				ENABLE_PREVIEWS = YES;
				GENERATE_INFOPLIST_FILE = YES;
				"INFOPLIST_KEY_UIApplicationSceneManifest_Generation[sdk=iphoneos*]" = YES;
				"INFOPLIST_KEY_UIApplicationSceneManifest_Generation[sdk=iphonesimulator*]" = YES;
				"INFOPLIST_KEY_UIApplicationSupportsIndirectInputEvents[sdk=iphoneos*]" = YES;
				"INFOPLIST_KEY_UIApplicationSupportsIndirectInputEvents[sdk=iphonesimulator*]" = YES;
				"INFOPLIST_KEY_UILaunchScreen_Generation[sdk=iphoneos*]" = YES;
				"INFOPLIST_KEY_UILaunchScreen_Generation[sdk=iphonesimulator*]" = YES;
				"INFOPLIST_KEY_UIStatusBarStyle[sdk=iphoneos*]" = UIStatusBarStyleDefault;
				"INFOPLIST_KEY_UIStatusBarStyle[sdk=iphonesimulator*]" = UIStatusBarStyleDefault;
				INFOPLIST_KEY_UISupportedInterfaceOrientations_iPad = "UIInterfaceOrientationPortrait UIInterfaceOrientationPortraitUpsideDown UIInterfaceOrientationLandscapeLeft UIInterfaceOrientationLandscapeRight";
				INFOPLIST_KEY_UISupportedInterfaceOrientations_iPhone = "UIInterfaceOrientationPortrait UIInterfaceOrientationLandscapeLeft UIInterfaceOrientationLandscapeRight";
				IPHONEOS_DEPLOYMENT_TARGET = 17.5;
				LD_RUNPATH_SEARCH_PATHS = "@executable_path/Frameworks";
				"LD_RUNPATH_SEARCH_PATHS[sdk=macosx*]" = "@executable_path/../Frameworks";
				MACOSX_DEPLOYMENT_TARGET = 14.5;
				MARKETING_VERSION = 1.0;
				PRODUCT_BUNDLE_IDENTIFIER = TppHarrietEmanuel.TppServicePlatform;
				PRODUCT_NAME = "$(TARGET_NAME)";
				SDKROOT = auto;
				SUPPORTED_PLATFORMS = "iphoneos iphonesimulator macosx";
				SWIFT_EMIT_LOC_STRINGS = YES;
				SWIFT_VERSION = 5.0;
				TARGETED_DEVICE_FAMILY = "1,2";
			};
			name = Debug;
		};
		D23E828A2C5D35F3003A186B /* Release */ = {
			isa = XCBuildConfiguration;
			buildSettings = {
				ASSETCATALOG_COMPILER_APPICON_NAME = AppIcon;
				ASSETCATALOG_COMPILER_GLOBAL_ACCENT_COLOR_NAME = AccentColor;
				CODE_SIGN_ENTITLEMENTS = TppServicePlatform/TppServicePlatform.entitlements;
				CODE_SIGN_STYLE = Automatic;
				CURRENT_PROJECT_VERSION = 1;
				DEVELOPMENT_ASSET_PATHS = "\"TppServicePlatform/Preview Content\"";
				ENABLE_PREVIEWS = YES;
				GENERATE_INFOPLIST_FILE = YES;
				"INFOPLIST_KEY_UIApplicationSceneManifest_Generation[sdk=iphoneos*]" = YES;
				"INFOPLIST_KEY_UIApplicationSceneManifest_Generation[sdk=iphonesimulator*]" = YES;
				"INFOPLIST_KEY_UIApplicationSupportsIndirectInputEvents[sdk=iphoneos*]" = YES;
				"INFOPLIST_KEY_UIApplicationSupportsIndirectInputEvents[sdk=iphonesimulator*]" = YES;
				"INFOPLIST_KEY_UILaunchScreen_Generation[sdk=iphoneos*]" = YES;
				"INFOPLIST_KEY_UILaunchScreen_Generation[sdk=iphonesimulator*]" = YES;
				"INFOPLIST_KEY_UIStatusBarStyle[sdk=iphoneos*]" = UIStatusBarStyleDefault;
				"INFOPLIST_KEY_UIStatusBarStyle[sdk=iphonesimulator*]" = UIStatusBarStyleDefault;
				INFOPLIST_KEY_UISupportedInterfaceOrientations_iPad = "UIInterfaceOrientationPortrait UIInterfaceOrientationPortraitUpsideDown UIInterfaceOrientationLandscapeLeft UIInterfaceOrientationLandscapeRight";
				INFOPLIST_KEY_UISupportedInterfaceOrientations_iPhone = "UIInterfaceOrientationPortrait UIInterfaceOrientationLandscapeLeft UIInterfaceOrientationLandscapeRight";
				IPHONEOS_DEPLOYMENT_TARGET = 17.5;
				LD_RUNPATH_SEARCH_PATHS = "@executable_path/Frameworks";
				"LD_RUNPATH_SEARCH_PATHS[sdk=macosx*]" = "@executable_path/../Frameworks";
				MACOSX_DEPLOYMENT_TARGET = 14.5;
				MARKETING_VERSION = 1.0;
				PRODUCT_BUNDLE_IDENTIFIER = TppHarrietEmanuel.TppServicePlatform;
				PRODUCT_NAME = "$(TARGET_NAME)";
				SDKROOT = auto;
				SUPPORTED_PLATFORMS = "iphoneos iphonesimulator macosx";
				SWIFT_EMIT_LOC_STRINGS = YES;
				SWIFT_VERSION = 5.0;
				TARGETED_DEVICE_FAMILY = "1,2";
			};
			name = Release;
		};
		D23E828C2C5D35F3003A186B /* Debug */ = {
			isa = XCBuildConfiguration;
			buildSettings = {
				ALWAYS_EMBED_SWIFT_STANDARD_LIBRARIES = YES;
				BUNDLE_LOADER = "$(TEST_HOST)";
				CODE_SIGN_STYLE = Automatic;
				CURRENT_PROJECT_VERSION = 1;
				GENERATE_INFOPLIST_FILE = YES;
				IPHONEOS_DEPLOYMENT_TARGET = 17.5;
				MACOSX_DEPLOYMENT_TARGET = 14.5;
				MARKETING_VERSION = 1.0;
				PRODUCT_BUNDLE_IDENTIFIER = TppHarrietEmanuel.TppServicePlatformTests;
				PRODUCT_NAME = "$(TARGET_NAME)";
				SDKROOT = auto;
				SUPPORTED_PLATFORMS = "iphoneos iphonesimulator macosx";
				SWIFT_EMIT_LOC_STRINGS = NO;
				SWIFT_VERSION = 5.0;
				TARGETED_DEVICE_FAMILY = "1,2";
				TEST_HOST = "$(BUILT_PRODUCTS_DIR)/TppServicePlatform.app/$(BUNDLE_EXECUTABLE_FOLDER_PATH)/TppServicePlatform";
			};
			name = Debug;
		};
		D23E828D2C5D35F3003A186B /* Release */ = {
			isa = XCBuildConfiguration;
			buildSettings = {
				ALWAYS_EMBED_SWIFT_STANDARD_LIBRARIES = YES;
				BUNDLE_LOADER = "$(TEST_HOST)";
				CODE_SIGN_STYLE = Automatic;
				CURRENT_PROJECT_VERSION = 1;
				GENERATE_INFOPLIST_FILE = YES;
				IPHONEOS_DEPLOYMENT_TARGET = 17.5;
				MACOSX_DEPLOYMENT_TARGET = 14.5;
				MARKETING_VERSION = 1.0;
				PRODUCT_BUNDLE_IDENTIFIER = TppHarrietEmanuel.TppServicePlatformTests;
				PRODUCT_NAME = "$(TARGET_NAME)";
				SDKROOT = auto;
				SUPPORTED_PLATFORMS = "iphoneos iphonesimulator macosx";
				SWIFT_EMIT_LOC_STRINGS = NO;
				SWIFT_VERSION = 5.0;
				TARGETED_DEVICE_FAMILY = "1,2";
				TEST_HOST = "$(BUILT_PRODUCTS_DIR)/TppServicePlatform.app/$(BUNDLE_EXECUTABLE_FOLDER_PATH)/TppServicePlatform";
			};
			name = Release;
		};
		D23E828F2C5D35F3003A186B /* Debug */ = {
			isa = XCBuildConfiguration;
			buildSettings = {
				ALWAYS_EMBED_SWIFT_STANDARD_LIBRARIES = YES;
				CODE_SIGN_STYLE = Automatic;
				CURRENT_PROJECT_VERSION = 1;
				GENERATE_INFOPLIST_FILE = YES;
				IPHONEOS_DEPLOYMENT_TARGET = 17.5;
				MACOSX_DEPLOYMENT_TARGET = 14.5;
				MARKETING_VERSION = 1.0;
				PRODUCT_BUNDLE_IDENTIFIER = TppHarrietEmanuel.TppServicePlatformUITests;
				PRODUCT_NAME = "$(TARGET_NAME)";
				SDKROOT = auto;
				SUPPORTED_PLATFORMS = "iphoneos iphonesimulator macosx";
				SWIFT_EMIT_LOC_STRINGS = NO;
				SWIFT_VERSION = 5.0;
				TARGETED_DEVICE_FAMILY = "1,2";
				TEST_TARGET_NAME = TppServicePlatform;
			};
			name = Debug;
		};
		D23E82902C5D35F3003A186B /* Release */ = {
			isa = XCBuildConfiguration;
			buildSettings = {
				ALWAYS_EMBED_SWIFT_STANDARD_LIBRARIES = YES;
				CODE_SIGN_STYLE = Automatic;
				CURRENT_PROJECT_VERSION = 1;
				GENERATE_INFOPLIST_FILE = YES;
				IPHONEOS_DEPLOYMENT_TARGET = 17.5;
				MACOSX_DEPLOYMENT_TARGET = 14.5;
				MARKETING_VERSION = 1.0;
				PRODUCT_BUNDLE_IDENTIFIER = TppHarrietEmanuel.TppServicePlatformUITests;
				PRODUCT_NAME = "$(TARGET_NAME)";
				SDKROOT = auto;
				SUPPORTED_PLATFORMS = "iphoneos iphonesimulator macosx";
				SWIFT_EMIT_LOC_STRINGS = NO;
				SWIFT_VERSION = 5.0;
				TARGETED_DEVICE_FAMILY = "1,2";
				TEST_TARGET_NAME = TppServicePlatform;
			};
			name = Release;
		};
/* End XCBuildConfiguration section */

/* Begin XCConfigurationList section */
		D23E825E2C5D35F2003A186B /* Build configuration list for PBXProject "TppServicePlatform" */ = {
			isa = XCConfigurationList;
			buildConfigurations = (
				D23E82862C5D35F3003A186B /* Debug */,
				D23E82872C5D35F3003A186B /* Release */,
			);
			defaultConfigurationIsVisible = 0;
			defaultConfigurationName = Release;
		};
		D23E82882C5D35F3003A186B /* Build configuration list for PBXNativeTarget "TppServicePlatform" */ = {
			isa = XCConfigurationList;
			buildConfigurations = (
				D23E82892C5D35F3003A186B /* Debug */,
				D23E828A2C5D35F3003A186B /* Release */,
			);
			defaultConfigurationIsVisible = 0;
			defaultConfigurationName = Release;
		};
		D23E828B2C5D35F3003A186B /* Build configuration list for PBXNativeTarget "TppServicePlatformTests" */ = {
			isa = XCConfigurationList;
			buildConfigurations = (
				D23E828C2C5D35F3003A186B /* Debug */,
				D23E828D2C5D35F3003A186B /* Release */,
			);
			defaultConfigurationIsVisible = 0;
			defaultConfigurationName = Release;
		};
		D23E828E2C5D35F3003A186B /* Build configuration list for PBXNativeTarget "TppServicePlatformUITests" */ = {
			isa = XCConfigurationList;
			buildConfigurations = (
				D23E828F2C5D35F3003A186B /* Debug */,
				D23E82902C5D35F3003A186B /* Release */,
			);
			defaultConfigurationIsVisible = 0;
			defaultConfigurationName = Release;
		};
/* End XCConfigurationList section */
	};
	rootObject = D23E825B2C5D35F2003A186B /* Project object */;
}
